// !$*UTF8*$!
{
	archiveVersion = 1;
	classes = {
	};
	objectVersion = 46;
	objects = {

/* Begin PBXBuildFile section */
		8911C7BC1B815FAE00025AEB /* main.m in Sources */ = {isa = PBXBuildFile; fileRef = 8911C7BB1B815FAE00025AEB /* main.m */; };
		8911C7BF1B815FAE00025AEB /* AppDelegate.m in Sources */ = {isa = PBXBuildFile; fileRef = 8911C7BE1B815FAE00025AEB /* AppDelegate.m */; };
		8911C7C21B815FAE00025AEB /* CM_WebParse.xcdatamodeld in Sources */ = {isa = PBXBuildFile; fileRef = 8911C7C01B815FAE00025AEB /* CM_WebParse.xcdatamodeld */; };
		8911C7C51B815FAE00025AEB /* Start.m in Sources */ = {isa = PBXBuildFile; fileRef = 8911C7C41B815FAE00025AEB /* Start.m */; };
		8911C7C81B815FAE00025AEB /* Main.storyboard in Resources */ = {isa = PBXBuildFile; fileRef = 8911C7C61B815FAE00025AEB /* Main.storyboard */; };
		8911C7CA1B815FAE00025AEB /* Images.xcassets in Resources */ = {isa = PBXBuildFile; fileRef = 8911C7C91B815FAE00025AEB /* Images.xcassets */; };
		8911C7CD1B815FAE00025AEB /* LaunchScreen.xib in Resources */ = {isa = PBXBuildFile; fileRef = 8911C7CB1B815FAE00025AEB /* LaunchScreen.xib */; };
		8911C7D91B815FAF00025AEB /* CM_WebParseTests.m in Sources */ = {isa = PBXBuildFile; fileRef = 8911C7D81B815FAF00025AEB /* CM_WebParseTests.m */; };
/* End PBXBuildFile section */

/* Begin PBXContainerItemProxy section */
		8911C7D31B815FAE00025AEB /* PBXContainerItemProxy */ = {
			isa = PBXContainerItemProxy;
			containerPortal = 8911C7AE1B815FAE00025AEB /* Project object */;
			proxyType = 1;
			remoteGlobalIDString = 8911C7B51B815FAE00025AEB;
			remoteInfo = "CM-WebParse";
		};
/* End PBXContainerItemProxy section */

/* Begin PBXFileReference section */
		8911C7B61B815FAE00025AEB /* CM-WebParse.app */ = {isa = PBXFileReference; explicitFileType = wrapper.application; includeInIndex = 0; path = "CM-WebParse.app"; sourceTree = BUILT_PRODUCTS_DIR; };
		8911C7BA1B815FAE00025AEB /* Info.plist */ = {isa = PBXFileReference; lastKnownFileType = text.plist.xml; path = Info.plist; sourceTree = "<group>"; };
		8911C7BB1B815FAE00025AEB /* main.m */ = {isa = PBXFileReference; lastKnownFileType = sourcecode.c.objc; path = main.m; sourceTree = "<group>"; };
		8911C7BD1B815FAE00025AEB /* AppDelegate.h */ = {isa = PBXFileReference; lastKnownFileType = sourcecode.c.h; path = AppDelegate.h; sourceTree = "<group>"; };
		8911C7BE1B815FAE00025AEB /* AppDelegate.m */ = {isa = PBXFileReference; lastKnownFileType = sourcecode.c.objc; path = AppDelegate.m; sourceTree = "<group>"; };
		8911C7C11B815FAE00025AEB /* CM_WebParse.xcdatamodel */ = {isa = PBXFileReference; lastKnownFileType = wrapper.xcdatamodel; path = CM_WebParse.xcdatamodel; sourceTree = "<group>"; };
		8911C7C31B815FAE00025AEB /* Start.h */ = {isa = PBXFileReference; lastKnownFileType = sourcecode.c.h; path = Start.h; sourceTree = "<group>"; };
		8911C7C41B815FAE00025AEB /* Start.m */ = {isa = PBXFileReference; lastKnownFileType = sourcecode.c.objc; path = Start.m; sourceTree = "<group>"; };
		8911C7C71B815FAE00025AEB /* Base */ = {isa = PBXFileReference; lastKnownFileType = file.storyboard; name = Base; path = Base.lproj/Main.storyboard; sourceTree = "<group>"; };
		8911C7C91B815FAE00025AEB /* Images.xcassets */ = {isa = PBXFileReference; lastKnownFileType = folder.assetcatalog; path = Images.xcassets; sourceTree = "<group>"; };
		8911C7CC1B815FAE00025AEB /* Base */ = {isa = PBXFileReference; lastKnownFileType = file.xib; name = Base; path = Base.lproj/LaunchScreen.xib; sourceTree = "<group>"; };
		8911C7D21B815FAE00025AEB /* CM-WebParseTests.xctest */ = {isa = PBXFileReference; explicitFileType = wrapper.cfbundle; includeInIndex = 0; path = "CM-WebParseTests.xctest"; sourceTree = BUILT_PRODUCTS_DIR; };
		8911C7D71B815FAF00025AEB /* Info.plist */ = {isa = PBXFileReference; lastKnownFileType = text.plist.xml; path = Info.plist; sourceTree = "<group>"; };
		8911C7D81B815FAF00025AEB /* CM_WebParseTests.m */ = {isa = PBXFileReference; lastKnownFileType = sourcecode.c.objc; path = CM_WebParseTests.m; sourceTree = "<group>"; };
/* End PBXFileReference section */

/* Begin PBXFrameworksBuildPhase section */
		8911C7B31B815FAE00025AEB /* Frameworks */ = {
			isa = PBXFrameworksBuildPhase;
			buildActionMask = 2147483647;
			files = (
			);
			runOnlyForDeploymentPostprocessing = 0;
		};
		8911C7CF1B815FAE00025AEB /* Frameworks */ = {
			isa = PBXFrameworksBuildPhase;
			buildActionMask = 2147483647;
			files = (
			);
			runOnlyForDeploymentPostprocessing = 0;
		};
/* End PBXFrameworksBuildPhase section */

/* Begin PBXGroup section */
		8911C7AD1B815FAE00025AEB = {
			isa = PBXGroup;
			children = (
				8911C7B81B815FAE00025AEB /* CM-WebParse */,
				8911C7D51B815FAF00025AEB /* CM-WebParseTests */,
				8911C7B71B815FAE00025AEB /* Products */,
			);
			sourceTree = "<group>";
		};
		8911C7B71B815FAE00025AEB /* Products */ = {
			isa = PBXGroup;
			children = (
				8911C7B61B815FAE00025AEB /* CM-WebParse.app */,
				8911C7D21B815FAE00025AEB /* CM-WebParseTests.xctest */,
			);
			name = Products;
			sourceTree = "<group>";
		};
		8911C7B81B815FAE00025AEB /* CM-WebParse */ = {
			isa = PBXGroup;
			children = (
				8911C7BD1B815FAE00025AEB /* AppDelegate.h */,
				8911C7BE1B815FAE00025AEB /* AppDelegate.m */,
				8911C7C31B815FAE00025AEB /* Start.h */,
				8911C7C41B815FAE00025AEB /* Start.m */,
				8911C7C61B815FAE00025AEB /* Main.storyboard */,
				8911C7C91B815FAE00025AEB /* Images.xcassets */,
				8911C7CB1B815FAE00025AEB /* LaunchScreen.xib */,
				8911C7C01B815FAE00025AEB /* CM_WebParse.xcdatamodeld */,
				8911C7B91B815FAE00025AEB /* Supporting Files */,
			);
			path = "CM-WebParse";
			sourceTree = "<group>";
		};
		8911C7B91B815FAE00025AEB /* Supporting Files */ = {
			isa = PBXGroup;
			children = (
				8911C7BA1B815FAE00025AEB /* Info.plist */,
				8911C7BB1B815FAE00025AEB /* main.m */,
			);
			name = "Supporting Files";
			sourceTree = "<group>";
		};
		8911C7D51B815FAF00025AEB /* CM-WebParseTests */ = {
			isa = PBXGroup;
			children = (
				8911C7D81B815FAF00025AEB /* CM_WebParseTests.m */,
				8911C7D61B815FAF00025AEB /* Supporting Files */,
			);
			path = "CM-WebParseTests";
			sourceTree = "<group>";
		};
		8911C7D61B815FAF00025AEB /* Supporting Files */ = {
			isa = PBXGroup;
			children = (
				8911C7D71B815FAF00025AEB /* Info.plist */,
			);
			name = "Supporting Files";
			sourceTree = "<group>";
		};
/* End PBXGroup section */

/* Begin PBXNativeTarget section */
		8911C7B51B815FAE00025AEB /* CM-WebParse */ = {
			isa = PBXNativeTarget;
			buildConfigurationList = 8911C7DC1B815FAF00025AEB /* Build configuration list for PBXNativeTarget "CM-WebParse" */;
			buildPhases = (
				8911C7B21B815FAE00025AEB /* Sources */,
				8911C7B31B815FAE00025AEB /* Frameworks */,
				8911C7B41B815FAE00025AEB /* Resources */,
			);
			buildRules = (
			);
			dependencies = (
			);
			name = "CM-WebParse";
			productName = "CM-WebParse";
			productReference = 8911C7B61B815FAE00025AEB /* CM-WebParse.app */;
			productType = "com.apple.product-type.application";
		};
		8911C7D11B815FAE00025AEB /* CM-WebParseTests */ = {
			isa = PBXNativeTarget;
			buildConfigurationList = 8911C7DF1B815FAF00025AEB /* Build configuration list for PBXNativeTarget "CM-WebParseTests" */;
			buildPhases = (
				8911C7CE1B815FAE00025AEB /* Sources */,
				8911C7CF1B815FAE00025AEB /* Frameworks */,
				8911C7D01B815FAE00025AEB /* Resources */,
			);
			buildRules = (
			);
			dependencies = (
				8911C7D41B815FAE00025AEB /* PBXTargetDependency */,
			);
			name = "CM-WebParseTests";
			productName = "CM-WebParseTests";
			productReference = 8911C7D21B815FAE00025AEB /* CM-WebParseTests.xctest */;
			productType = "com.apple.product-type.bundle.unit-test";
		};
/* End PBXNativeTarget section */

/* Begin PBXProject section */
		8911C7AE1B815FAE00025AEB /* Project object */ = {
			isa = PBXProject;
			attributes = {
				LastUpgradeCheck = 0640;
				ORGANIZATIONNAME = jesusnajar;
				TargetAttributes = {
					8911C7B51B815FAE00025AEB = {
						CreatedOnToolsVersion = 6.4;
					};
					8911C7D11B815FAE00025AEB = {
						CreatedOnToolsVersion = 6.4;
						TestTargetID = 8911C7B51B815FAE00025AEB;
					};
				};
			};
			buildConfigurationList = 8911C7B11B815FAE00025AEB /* Build configuration list for PBXProject "CM-WebParse" */;
			compatibilityVersion = "Xcode 3.2";
			developmentRegion = English;
			hasScannedForEncodings = 0;
			knownRegions = (
				en,
				Base,
			);
			mainGroup = 8911C7AD1B815FAE00025AEB;
			productRefGroup = 8911C7B71B815FAE00025AEB /* Products */;
			projectDirPath = "";
			projectRoot = "";
			targets = (
				8911C7B51B815FAE00025AEB /* CM-WebParse */,
				8911C7D11B815FAE00025AEB /* CM-WebParseTests */,
			);
		};
/* End PBXProject section */

/* Begin PBXResourcesBuildPhase section */
		8911C7B41B815FAE00025AEB /* Resources */ = {
			isa = PBXResourcesBuildPhase;
			buildActionMask = 2147483647;
			files = (
				8911C7C81B815FAE00025AEB /* Main.storyboard in Resources */,
				8911C7CD1B815FAE00025AEB /* LaunchScreen.xib in Resources */,
				8911C7CA1B815FAE00025AEB /* Images.xcassets in Resources */,
			);
			runOnlyForDeploymentPostprocessing = 0;
		};
		8911C7D01B815FAE00025AEB /* Resources */ = {
			isa = PBXResourcesBuildPhase;
			buildActionMask = 2147483647;
			files = (
			);
			runOnlyForDeploymentPostprocessing = 0;
		};
/* End PBXResourcesBuildPhase section */

/* Begin PBXSourcesBuildPhase section */
		8911C7B21B815FAE00025AEB /* Sources */ = {
			isa = PBXSourcesBuildPhase;
			buildActionMask = 2147483647;
			files = (
				8911C7BF1B815FAE00025AEB /* AppDelegate.m in Sources */,
				8911C7BC1B815FAE00025AEB /* main.m in Sources */,
				8911C7C51B815FAE00025AEB /* Start.m in Sources */,
				8911C7C21B815FAE00025AEB /* CM_WebParse.xcdatamodeld in Sources */,
			);
			runOnlyForDeploymentPostprocessing = 0;
		};
		8911C7CE1B815FAE00025AEB /* Sources */ = {
			isa = PBXSourcesBuildPhase;
			buildActionMask = 2147483647;
			files = (
				8911C7D91B815FAF00025AEB /* CM_WebParseTests.m in Sources */,
			);
			runOnlyForDeploymentPostprocessing = 0;
		};
/* End PBXSourcesBuildPhase section */

/* Begin PBXTargetDependency section */
		8911C7D41B815FAE00025AEB /* PBXTargetDependency */ = {
			isa = PBXTargetDependency;
			target = 8911C7B51B815FAE00025AEB /* CM-WebParse */;
			targetProxy = 8911C7D31B815FAE00025AEB /* PBXContainerItemProxy */;
		};
/* End PBXTargetDependency section */

/* Begin PBXVariantGroup section */
		8911C7C61B815FAE00025AEB /* Main.storyboard */ = {
			isa = PBXVariantGroup;
			children = (
				8911C7C71B815FAE00025AEB /* Base */,
			);
			name = Main.storyboard;
			sourceTree = "<group>";
		};
		8911C7CB1B815FAE00025AEB /* LaunchScreen.xib */ = {
			isa = PBXVariantGroup;
			children = (
				8911C7CC1B815FAE00025AEB /* Base */,
			);
			name = LaunchScreen.xib;
			sourceTree = "<group>";
		};
/* End PBXVariantGroup section */

/* Begin XCBuildConfiguration section */
		8911C7DA1B815FAF00025AEB /* Debug */ = {
			isa = XCBuildConfiguration;
			buildSettings = {
				ALWAYS_SEARCH_USER_PATHS = NO;
				CLANG_CXX_LANGUAGE_STANDARD = "gnu++0x";
				CLANG_CXX_LIBRARY = "libc++";
				CLANG_ENABLE_MODULES = YES;
				CLANG_ENABLE_OBJC_ARC = YES;
				CLANG_WARN_BOOL_CONVERSION = YES;
				CLANG_WARN_CONSTANT_CONVERSION = YES;
				CLANG_WARN_DIRECT_OBJC_ISA_USAGE = YES_ERROR;
				CLANG_WARN_EMPTY_BODY = YES;
				CLANG_WARN_ENUM_CONVERSION = YES;
				CLANG_WARN_INT_CONVERSION = YES;
				CLANG_WARN_OBJC_ROOT_CLASS = YES_ERROR;
				CLANG_WARN_UNREACHABLE_CODE = YES;
				CLANG_WARN__DUPLICATE_METHOD_MATCH = YES;
				"CODE_SIGN_IDENTITY[sdk=iphoneos*]" = "iPhone Developer";
				COPY_PHASE_STRIP = NO;
				DEBUG_INFORMATION_FORMAT = "dwarf-with-dsym";
				ENABLE_STRICT_OBJC_MSGSEND = YES;
				GCC_C_LANGUAGE_STANDARD = gnu99;
				GCC_DYNAMIC_NO_PIC = NO;
				GCC_NO_COMMON_BLOCKS = YES;
				GCC_OPTIMIZATION_LEVEL = 0;
				GCC_PREPROCESSOR_DEFINITIONS = (
					"DEBUG=1",
					"$(inherited)",
				);
				GCC_SYMBOLS_PRIVATE_EXTERN = NO;
				GCC_WARN_64_TO_32_BIT_CONVERSION = YES;
				GCC_WARN_ABOUT_RETURN_TYPE = YES_ERROR;
				GCC_WARN_UNDECLARED_SELECTOR = YES;
				GCC_WARN_UNINITIALIZED_AUTOS = YES_AGGRESSIVE;
				GCC_WARN_UNUSED_FUNCTION = YES;
				GCC_WARN_UNUSED_VARIABLE = YES;
				IPHONEOS_DEPLOYMENT_TARGET = 8.4;
				MTL_ENABLE_DEBUG_INFO = YES;
				ONLY_ACTIVE_ARCH = YES;
				SDKROOT = iphoneos;
			};
			name = Debug;
		};
		8911C7DB1B815FAF00025AEB /* Release */ = {
			isa = XCBuildConfiguration;
			buildSettings = {
				ALWAYS_SEARCH_USER_PATHS = NO;
				CLANG_CXX_LANGUAGE_STANDARD = "gnu++0x";
				CLANG_CXX_LIBRARY = "libc++";
				CLANG_ENABLE_MODULES = YES;
				CLANG_ENABLE_OBJC_ARC = YES;
				CLANG_WARN_BOOL_CONVERSION = YES;
				CLANG_WARN_CONSTANT_CONVERSION = YES;
				CLANG_WARN_DIRECT_OBJC_ISA_USAGE = YES_ERROR;
				CLANG_WARN_EMPTY_BODY = YES;
				CLANG_WARN_ENUM_CONVERSION = YES;
				CLANG_WARN_INT_CONVERSION = YES;
				CLANG_WARN_OBJC_ROOT_CLASS = YES_ERROR;
				CLANG_WARN_UNREACHABLE_CODE = YES;
				CLANG_WARN__DUPLICATE_METHOD_MATCH = YES;
				"CODE_SIGN_IDENTITY[sdk=iphoneos*]" = "iPhone Developer";
				COPY_PHASE_STRIP = NO;
				DEBUG_INFORMATION_FORMAT = "dwarf-with-dsym";
				ENABLE_NS_ASSERTIONS = NO;
				ENABLE_STRICT_OBJC_MSGSEND = YES;
				GCC_C_LANGUAGE_STANDARD = gnu99;
				GCC_NO_COMMON_BLOCKS = YES;
				GCC_WARN_64_TO_32_BIT_CONVERSION = YES;
				GCC_WARN_ABOUT_RETURN_TYPE = YES_ERROR;
				GCC_WARN_UNDECLARED_SELECTOR = YES;
				GCC_WARN_UNINITIALIZED_AUTOS = YES_AGGRESSIVE;
				GCC_WARN_UNUSED_FUNCTION = YES;
				GCC_WARN_UNUSED_VARIABLE = YES;
				IPHONEOS_DEPLOYMENT_TARGET = 8.4;
				MTL_ENABLE_DEBUG_INFO = NO;
				SDKROOT = iphoneos;
				VALIDATE_PRODUCT = YES;
			};
			name = Release;
		};
		8911C7DD1B815FAF00025AEB /* Debug */ = {
			isa = XCBuildConfiguration;
			buildSettings = {
				ASSETCATALOG_COMPILER_APPICON_NAME = AppIcon;
				INFOPLIST_FILE = "CM-WebParse/Info.plist";
				LD_RUNPATH_SEARCH_PATHS = "$(inherited) @executable_path/Frameworks";
				PRODUCT_NAME = "$(TARGET_NAME)";
			};
			name = Debug;
		};
		8911C7DE1B815FAF00025AEB /* Release */ = {
			isa = XCBuildConfiguration;
			buildSettings = {
				ASSETCATALOG_COMPILER_APPICON_NAME = AppIcon;
				INFOPLIST_FILE = "CM-WebParse/Info.plist";
				LD_RUNPATH_SEARCH_PATHS = "$(inherited) @executable_path/Frameworks";
				PRODUCT_NAME = "$(TARGET_NAME)";
			};
			name = Release;
		};
		8911C7E01B815FAF00025AEB /* Debug */ = {
			isa = XCBuildConfiguration;
			buildSettings = {
				BUNDLE_LOADER = "$(TEST_HOST)";
				FRAMEWORK_SEARCH_PATHS = (
					"$(SDKROOT)/Developer/Library/Frameworks",
					"$(inherited)",
				);
				GCC_PREPROCESSOR_DEFINITIONS = (
					"DEBUG=1",
					"$(inherited)",
				);
				INFOPLIST_FILE = "CM-WebParseTests/Info.plist";
				LD_RUNPATH_SEARCH_PATHS = "$(inherited) @executable_path/Frameworks @loader_path/Frameworks";
				PRODUCT_NAME = "$(TARGET_NAME)";
				TEST_HOST = "$(BUILT_PRODUCTS_DIR)/CM-WebParse.app/CM-WebParse";
			};
			name = Debug;
		};
		8911C7E11B815FAF00025AEB /* Release */ = {
			isa = XCBuildConfiguration;
			buildSettings = {
				BUNDLE_LOADER = "$(TEST_HOST)";
				FRAMEWORK_SEARCH_PATHS = (
					"$(SDKROOT)/Developer/Library/Frameworks",
					"$(inherited)",
				);
				INFOPLIST_FILE = "CM-WebParseTests/Info.plist";
				LD_RUNPATH_SEARCH_PATHS = "$(inherited) @executable_path/Frameworks @loader_path/Frameworks";
				PRODUCT_NAME = "$(TARGET_NAME)";
				TEST_HOST = "$(BUILT_PRODUCTS_DIR)/CM-WebParse.app/CM-WebParse";
			};
			name = Release;
		};
/* End XCBuildConfiguration section */

/* Begin XCConfigurationList section */
		8911C7B11B815FAE00025AEB /* Build configuration list for PBXProject "CM-WebParse" */ = {
			isa = XCConfigurationList;
			buildConfigurations = (
				8911C7DA1B815FAF00025AEB /* Debug */,
				8911C7DB1B815FAF00025AEB /* Release */,
			);
			defaultConfigurationIsVisible = 0;
			defaultConfigurationName = Release;
		};
		8911C7DC1B815FAF00025AEB /* Build configuration list for PBXNativeTarget "CM-WebParse" */ = {
			isa = XCConfigurationList;
			buildConfigurations = (
				8911C7DD1B815FAF00025AEB /* Debug */,
				8911C7DE1B815FAF00025AEB /* Release */,
			);
			defaultConfigurationIsVisible = 0;
		};
		8911C7DF1B815FAF00025AEB /* Build configuration list for PBXNativeTarget "CM-WebParseTests" */ = {
			isa = XCConfigurationList;
			buildConfigurations = (
				8911C7E01B815FAF00025AEB /* Debug */,
				8911C7E11B815FAF00025AEB /* Release */,
			);
			defaultConfigurationIsVisible = 0;
		};
/* End XCConfigurationList section */

/* Begin XCVersionGroup section */
		8911C7C01B815FAE00025AEB /* CM_WebParse.xcdatamodeld */ = {
			isa = XCVersionGroup;
			children = (
				8911C7C11B815FAE00025AEB /* CM_WebParse.xcdatamodel */,
			);
			currentVersion = 8911C7C11B815FAE00025AEB /* CM_WebParse.xcdatamodel */;
			path = CM_WebParse.xcdatamodeld;
			sourceTree = "<group>";
			versionGroupType = wrapper.xcdatamodel;
		};
/* End XCVersionGroup section */
	};
	rootObject = 8911C7AE1B815FAE00025AEB /* Project object */;
}
